
Microsoft Visual Studio Solution File, Format Version 12.00
# Visual Studio Version 17
VisualStudioVersion = 17.12.35521.163 d17.12
MinimumVisualStudioVersion = 10.0.40219.1
Project("{FAE04EC0-301F-11D3-BF4B-00C04F79EFBC}") = "FirstWebApiDemo", "FirstWebApiDemo\FirstWebApiDemo.csproj", "{56631762-0A8D-45F3-ADB9-EFEC17D66E51}"
EndProject
Project("{FAE04EC0-301F-11D3-BF4B-00C04F79EFBC}") = "consumeApi", "consumeApi\consumeApi.csproj", "{1C183095-E958-4545-8EF8-A5FD21084BBA}"
	ProjectSection(ProjectDependencies) = postProject
		{56631762-0A8D-45F3-ADB9-EFEC17D66E51} = {56631762-0A8D-45F3-ADB9-EFEC17D66E51}
	EndProjectSection
EndProject
Global
	GlobalSection(SolutionConfigurationPlatforms) = preSolution
		Debug|Any CPU = Debug|Any CPU
		Release|Any CPU = Release|Any CPU
	EndGlobalSection
	GlobalSection(ProjectConfigurationPlatforms) = postSolution
		{56631762-0A8D-45F3-ADB9-EFEC17D66E51}.Debug|Any CPU.ActiveCfg = Debug|Any CPU
		{56631762-0A8D-45F3-ADB9-EFEC17D66E51}.Debug|Any CPU.Build.0 = Debug|Any CPU
		{56631762-0A8D-45F3-ADB9-EFEC17D66E51}.Release|Any CPU.ActiveCfg = Release|Any CPU
		{56631762-0A8D-45F3-ADB9-EFEC17D66E51}.Release|Any CPU.Build.0 = Release|Any CPU
		{1C183095-E958-4545-8EF8-A5FD21084BBA}.Debug|Any CPU.ActiveCfg = Debug|Any CPU
		{1C183095-E958-4545-8EF8-A5FD21084BBA}.Debug|Any CPU.Build.0 = Debug|Any CPU
		{1C183095-E958-4545-8EF8-A5FD21084BBA}.Release|Any CPU.ActiveCfg = Release|Any CPU
		{1C183095-E958-4545-8EF8-A5FD21084BBA}.Release|Any CPU.Build.0 = Release|Any CPU
	EndGlobalSection
	GlobalSection(SolutionProperties) = preSolution
		HideSolutionNode = FALSE
	EndGlobalSection
EndGlobal
